
Microsoft Visual Studio Solution File, Format Version 12.00
# Visual Studio Version 17
VisualStudioVersion = 17.5.33516.290
MinimumVisualStudioVersion = 10.0.40219.1
Project("{FAE04EC0-301F-11D3-BF4B-00C04F79EFBC}") = "Singleton", "Singleton\Singleton.csproj", "{9C24C7FA-2F56-4745-8B7B-E8A3FE9FB791}"
EndProject
Global
	GlobalSection(SolutionConfigurationPlatforms) = preSolution
		Debug|Any CPU = Debug|Any CPU
		Release|Any CPU = Release|Any CPU
	EndGlobalSection
	GlobalSection(ProjectConfigurationPlatforms) = postSolution
		{9C24C7FA-2F56-4745-8B7B-E8A3FE9FB791}.Debug|Any CPU.ActiveCfg = Debug|Any CPU
		{9C24C7FA-2F56-4745-8B7B-E8A3FE9FB791}.Debug|Any CPU.Build.0 = Debug|Any CPU
		{9C24C7FA-2F56-4745-8B7B-E8A3FE9FB791}.Release|Any CPU.ActiveCfg = Release|Any CPU
		{9C24C7FA-2F56-4745-8B7B-E8A3FE9FB791}.Release|Any CPU.Build.0 = Release|Any CPU
	EndGlobalSection
	GlobalSection(SolutionProperties) = preSolution
		HideSolutionNode = FALSE
	EndGlobalSection
	GlobalSection(ExtensibilityGlobals) = postSolution
		SolutionGuid = {7167E201-30CF-427E-AB62-8F5DB4023631}
	EndGlobalSection
EndGlobal
